
Microsoft Visual Studio Solution File, Format Version 12.00
# Visual Studio 15
VisualStudioVersion = 15.0.27130.2010
MinimumVisualStudioVersion = 10.0.40219.1
Project("{FAE04EC0-301F-11D3-BF4B-00C04F79EFBC}") = "LanzamientoDeDado", "LanzamientoDeDado\LanzamientoDeDado.csproj", "{B3BBA941-75C9-4325-9755-0D142A17D2EC}"
EndProject
Global
	GlobalSection(SolutionConfigurationPlatforms) = preSolution
		Debug|Any CPU = Debug|Any CPU
		Release|Any CPU = Release|Any CPU
	EndGlobalSection
	GlobalSection(ProjectConfigurationPlatforms) = postSolution
		{B3BBA941-75C9-4325-9755-0D142A17D2EC}.Debug|Any CPU.ActiveCfg = Debug|Any CPU
		{B3BBA941-75C9-4325-9755-0D142A17D2EC}.Debug|Any CPU.Build.0 = Debug|Any CPU
		{B3BBA941-75C9-4325-9755-0D142A17D2EC}.Release|Any CPU.ActiveCfg = Release|Any CPU
		{B3BBA941-75C9-4325-9755-0D142A17D2EC}.Release|Any CPU.Build.0 = Release|Any CPU
	EndGlobalSection
	GlobalSection(SolutionProperties) = preSolution
		HideSolutionNode = FALSE
	EndGlobalSection
	GlobalSection(ExtensibilityGlobals) = postSolution
		SolutionGuid = {F821EE2E-5A7F-42B1-A8E7-E8412F17788B}
	EndGlobalSection
EndGlobal
